
Microsoft Visual Studio Solution File, Format Version 12.00
# Visual Studio 15
VisualStudioVersion = 15.0.26730.16
MinimumVisualStudioVersion = 10.0.40219.1
Project("{FAE04EC0-301F-11D3-BF4B-00C04F79EFBC}") = "MTDClasses", "MTDClasses\MTDClasses.csproj", "{26B0301D-D794-407B-81F3-E1E3CEBF01FD}"
EndProject
Project("{FAE04EC0-301F-11D3-BF4B-00C04F79EFBC}") = "MTDTests", "MTDTests\MTDTests.csproj", "{1B76EA31-DAAF-4EEF-971E-F016FE122EE3}"
EndProject
Project("{FAE04EC0-301F-11D3-BF4B-00C04F79EFBC}") = "MTDUserInterface", "MTDUserInterface\MTDUserInterface.csproj", "{EF8DFD5F-B243-4143-8556-84E6D4048801}"
EndProject
Global
	GlobalSection(SolutionConfigurationPlatforms) = preSolution
		Debug|Any CPU = Debug|Any CPU
		Release|Any CPU = Release|Any CPU
	EndGlobalSection
	GlobalSection(ProjectConfigurationPlatforms) = postSolution
		{26B0301D-D794-407B-81F3-E1E3CEBF01FD}.Debug|Any CPU.ActiveCfg = Debug|Any CPU
		{26B0301D-D794-407B-81F3-E1E3CEBF01FD}.Debug|Any CPU.Build.0 = Debug|Any CPU
		{26B0301D-D794-407B-81F3-E1E3CEBF01FD}.Release|Any CPU.ActiveCfg = Release|Any CPU
		{26B0301D-D794-407B-81F3-E1E3CEBF01FD}.Release|Any CPU.Build.0 = Release|Any CPU
		{1B76EA31-DAAF-4EEF-971E-F016FE122EE3}.Debug|Any CPU.ActiveCfg = Debug|Any CPU
		{1B76EA31-DAAF-4EEF-971E-F016FE122EE3}.Debug|Any CPU.Build.0 = Debug|Any CPU
		{1B76EA31-DAAF-4EEF-971E-F016FE122EE3}.Release|Any CPU.ActiveCfg = Release|Any CPU
		{1B76EA31-DAAF-4EEF-971E-F016FE122EE3}.Release|Any CPU.Build.0 = Release|Any CPU
		{EF8DFD5F-B243-4143-8556-84E6D4048801}.Debug|Any CPU.ActiveCfg = Debug|Any CPU
		{EF8DFD5F-B243-4143-8556-84E6D4048801}.Debug|Any CPU.Build.0 = Debug|Any CPU
		{EF8DFD5F-B243-4143-8556-84E6D4048801}.Release|Any CPU.ActiveCfg = Release|Any CPU
		{EF8DFD5F-B243-4143-8556-84E6D4048801}.Release|Any CPU.Build.0 = Release|Any CPU
	EndGlobalSection
	GlobalSection(SolutionProperties) = preSolution
		HideSolutionNode = FALSE
	EndGlobalSection
	GlobalSection(ExtensibilityGlobals) = postSolution
		SolutionGuid = {D994BCAC-3073-4AC9-9BCF-924A6218D62E}
	EndGlobalSection
EndGlobal
